// !$*UTF8*$!
{
	archiveVersion = 1;
	classes = {
	};
	objectVersion = 46;
	objects = {

/* Begin PBXBuildFile section */
		FC032B741C5ED256000A0C01 /* AppDelegate.swift in Sources */ = {isa = PBXBuildFile; fileRef = FC032B731C5ED256000A0C01 /* AppDelegate.swift */; };
		FC032B761C5ED256000A0C01 /* ViewController.swift in Sources */ = {isa = PBXBuildFile; fileRef = FC032B751C5ED256000A0C01 /* ViewController.swift */; };
		FC032B791C5ED256000A0C01 /* Main.storyboard in Resources */ = {isa = PBXBuildFile; fileRef = FC032B771C5ED256000A0C01 /* Main.storyboard */; };
		FC032B7C1C5ED256000A0C01 /* TweetStore.xcdatamodeld in Sources */ = {isa = PBXBuildFile; fileRef = FC032B7A1C5ED256000A0C01 /* TweetStore.xcdatamodeld */; };
		FC032B7E1C5ED256000A0C01 /* Assets.xcassets in Resources */ = {isa = PBXBuildFile; fileRef = FC032B7D1C5ED256000A0C01 /* Assets.xcassets */; };
		FC032B811C5ED256000A0C01 /* LaunchScreen.storyboard in Resources */ = {isa = PBXBuildFile; fileRef = FC032B7F1C5ED256000A0C01 /* LaunchScreen.storyboard */; };
		FC032B8F1C5ED537000A0C01 /* Networking.swift in Sources */ = {isa = PBXBuildFile; fileRef = FC032B8E1C5ED537000A0C01 /* Networking.swift */; };
		FC032B911C5ED568000A0C01 /* PersistenceManager.swift in Sources */ = {isa = PBXBuildFile; fileRef = FC032B901C5ED568000A0C01 /* PersistenceManager.swift */; };
/* End PBXBuildFile section */

/* Begin PBXFileReference section */
		FC032B701C5ED256000A0C01 /* TweetStore.app */ = {isa = PBXFileReference; explicitFileType = wrapper.application; includeInIndex = 0; path = TweetStore.app; sourceTree = BUILT_PRODUCTS_DIR; };
		FC032B731C5ED256000A0C01 /* AppDelegate.swift */ = {isa = PBXFileReference; lastKnownFileType = sourcecode.swift; path = AppDelegate.swift; sourceTree = "<group>"; };
		FC032B751C5ED256000A0C01 /* ViewController.swift */ = {isa = PBXFileReference; lastKnownFileType = sourcecode.swift; path = ViewController.swift; sourceTree = "<group>"; };
		FC032B781C5ED256000A0C01 /* Base */ = {isa = PBXFileReference; lastKnownFileType = file.storyboard; name = Base; path = Base.lproj/Main.storyboard; sourceTree = "<group>"; };
		FC032B7B1C5ED256000A0C01 /* TweetStore.xcdatamodel */ = {isa = PBXFileReference; lastKnownFileType = wrapper.xcdatamodel; path = TweetStore.xcdatamodel; sourceTree = "<group>"; };
		FC032B7D1C5ED256000A0C01 /* Assets.xcassets */ = {isa = PBXFileReference; lastKnownFileType = folder.assetcatalog; path = Assets.xcassets; sourceTree = "<group>"; };
		FC032B801C5ED256000A0C01 /* Base */ = {isa = PBXFileReference; lastKnownFileType = file.storyboard; name = Base; path = Base.lproj/LaunchScreen.storyboard; sourceTree = "<group>"; };
		FC032B821C5ED256000A0C01 /* Info.plist */ = {isa = PBXFileReference; lastKnownFileType = text.plist.xml; path = Info.plist; sourceTree = "<group>"; };
		FC032B8E1C5ED537000A0C01 /* Networking.swift */ = {isa = PBXFileReference; fileEncoding = 4; lastKnownFileType = sourcecode.swift; path = Networking.swift; sourceTree = "<group>"; };
		FC032B901C5ED568000A0C01 /* PersistenceManager.swift */ = {isa = PBXFileReference; fileEncoding = 4; lastKnownFileType = sourcecode.swift; path = PersistenceManager.swift; sourceTree = "<group>"; };
/* End PBXFileReference section */

/* Begin PBXFrameworksBuildPhase section */
		FC032B6D1C5ED256000A0C01 /* Frameworks */ = {
			isa = PBXFrameworksBuildPhase;
			buildActionMask = 2147483647;
			files = (
			);
			runOnlyForDeploymentPostprocessing = 0;
		};
/* End PBXFrameworksBuildPhase section */

/* Begin PBXGroup section */
		FC032B671C5ED256000A0C01 = {
			isa = PBXGroup;
			children = (
				FC032B721C5ED256000A0C01 /* TweetStore */,
				FC032B711C5ED256000A0C01 /* Products */,
			);
			sourceTree = "<group>";
		};
		FC032B711C5ED256000A0C01 /* Products */ = {
			isa = PBXGroup;
			children = (
				FC032B701C5ED256000A0C01 /* TweetStore.app */,
			);
			name = Products;
			sourceTree = "<group>";
		};
		FC032B721C5ED256000A0C01 /* TweetStore */ = {
			isa = PBXGroup;
			children = (
				FC032B881C5ED43B000A0C01 /* Models */,
				FC032B891C5ED445000A0C01 /* Views */,
				FC032B8A1C5ED44A000A0C01 /* Controllers */,
				FC032B8B1C5ED45B000A0C01 /* Networking */,
				FC032B8C1C5ED465000A0C01 /* Stores */,
				FC032B8D1C5ED46D000A0C01 /* Helpers */,
				FC032B731C5ED256000A0C01 /* AppDelegate.swift */,
				FC032B771C5ED256000A0C01 /* Main.storyboard */,
				FC032B7D1C5ED256000A0C01 /* Assets.xcassets */,
				FC032B7F1C5ED256000A0C01 /* LaunchScreen.storyboard */,
				FC032B821C5ED256000A0C01 /* Info.plist */,
				FC032B7A1C5ED256000A0C01 /* TweetStore.xcdatamodeld */,
			);
			path = TweetStore;
			sourceTree = "<group>";
		};
		FC032B881C5ED43B000A0C01 /* Models */ = {
			isa = PBXGroup;
			children = (
			);
			name = Models;
			sourceTree = "<group>";
		};
		FC032B891C5ED445000A0C01 /* Views */ = {
			isa = PBXGroup;
			children = (
			);
			name = Views;
			sourceTree = "<group>";
		};
		FC032B8A1C5ED44A000A0C01 /* Controllers */ = {
			isa = PBXGroup;
			children = (
				FC032B751C5ED256000A0C01 /* ViewController.swift */,
			);
			name = Controllers;
			sourceTree = "<group>";
		};
		FC032B8B1C5ED45B000A0C01 /* Networking */ = {
			isa = PBXGroup;
			children = (
				FC032B8E1C5ED537000A0C01 /* Networking.swift */,
			);
			name = Networking;
			sourceTree = "<group>";
		};
		FC032B8C1C5ED465000A0C01 /* Stores */ = {
			isa = PBXGroup;
			children = (
				FC032B901C5ED568000A0C01 /* PersistenceManager.swift */,
			);
			name = Stores;
			sourceTree = "<group>";
		};
		FC032B8D1C5ED46D000A0C01 /* Helpers */ = {
			isa = PBXGroup;
			children = (
			);
			name = Helpers;
			sourceTree = "<group>";
		};
/* End PBXGroup section */

/* Begin PBXNativeTarget section */
		FC032B6F1C5ED256000A0C01 /* TweetStore */ = {
			isa = PBXNativeTarget;
			buildConfigurationList = FC032B851C5ED256000A0C01 /* Build configuration list for PBXNativeTarget "TweetStore" */;
			buildPhases = (
				FC032B6C1C5ED256000A0C01 /* Sources */,
				FC032B6D1C5ED256000A0C01 /* Frameworks */,
				FC032B6E1C5ED256000A0C01 /* Resources */,
			);
			buildRules = (
			);
			dependencies = (
			);
			name = TweetStore;
			productName = TweetStore;
			productReference = FC032B701C5ED256000A0C01 /* TweetStore.app */;
			productType = "com.apple.product-type.application";
		};
/* End PBXNativeTarget section */

/* Begin PBXProject section */
		FC032B681C5ED256000A0C01 /* Project object */ = {
			isa = PBXProject;
			attributes = {
				LastSwiftUpdateCheck = 0720;
				LastUpgradeCheck = 0720;
				ORGANIZATIONNAME = "Alexander Crosson";
				TargetAttributes = {
					FC032B6F1C5ED256000A0C01 = {
						CreatedOnToolsVersion = 7.2;
					};
				};
			};
			buildConfigurationList = FC032B6B1C5ED256000A0C01 /* Build configuration list for PBXProject "TweetStore" */;
			compatibilityVersion = "Xcode 3.2";
			developmentRegion = English;
			hasScannedForEncodings = 0;
			knownRegions = (
				en,
				Base,
			);
			mainGroup = FC032B671C5ED256000A0C01;
			productRefGroup = FC032B711C5ED256000A0C01 /* Products */;
			projectDirPath = "";
			projectRoot = "";
			targets = (
				FC032B6F1C5ED256000A0C01 /* TweetStore */,
			);
		};
/* End PBXProject section */

/* Begin PBXResourcesBuildPhase section */
		FC032B6E1C5ED256000A0C01 /* Resources */ = {
			isa = PBXResourcesBuildPhase;
			buildActionMask = 2147483647;
			files = (
				FC032B811C5ED256000A0C01 /* LaunchScreen.storyboard in Resources */,
				FC032B7E1C5ED256000A0C01 /* Assets.xcassets in Resources */,
				FC032B791C5ED256000A0C01 /* Main.storyboard in Resources */,
			);
			runOnlyForDeploymentPostprocessing = 0;
		};
/* End PBXResourcesBuildPhase section */

/* Begin PBXSourcesBuildPhase section */
		FC032B6C1C5ED256000A0C01 /* Sources */ = {
			isa = PBXSourcesBuildPhase;
			buildActionMask = 2147483647;
			files = (
				FC032B761C5ED256000A0C01 /* ViewController.swift in Sources */,
				FC032B911C5ED568000A0C01 /* PersistenceManager.swift in Sources */,
				FC032B741C5ED256000A0C01 /* AppDelegate.swift in Sources */,
				FC032B7C1C5ED256000A0C01 /* TweetStore.xcdatamodeld in Sources */,
				FC032B8F1C5ED537000A0C01 /* Networking.swift in Sources */,
			);
			runOnlyForDeploymentPostprocessing = 0;
		};
/* End PBXSourcesBuildPhase section */

/* Begin PBXVariantGroup section */
		FC032B771C5ED256000A0C01 /* Main.storyboard */ = {
			isa = PBXVariantGroup;
			children = (
				FC032B781C5ED256000A0C01 /* Base */,
			);
			name = Main.storyboard;
			sourceTree = "<group>";
		};
		FC032B7F1C5ED256000A0C01 /* LaunchScreen.storyboard */ = {
			isa = PBXVariantGroup;
			children = (
				FC032B801C5ED256000A0C01 /* Base */,
			);
			name = LaunchScreen.storyboard;
			sourceTree = "<group>";
		};
/* End PBXVariantGroup section */

/* Begin XCBuildConfiguration section */
		FC032B831C5ED256000A0C01 /* Debug */ = {
			isa = XCBuildConfiguration;
			buildSettings = {
				ALWAYS_SEARCH_USER_PATHS = NO;
				CLANG_CXX_LANGUAGE_STANDARD = "gnu++0x";
				CLANG_CXX_LIBRARY = "libc++";
				CLANG_ENABLE_MODULES = YES;
				CLANG_ENABLE_OBJC_ARC = YES;
				CLANG_WARN_BOOL_CONVERSION = YES;
				CLANG_WARN_CONSTANT_CONVERSION = YES;
				CLANG_WARN_DIRECT_OBJC_ISA_USAGE = YES_ERROR;
				CLANG_WARN_EMPTY_BODY = YES;
				CLANG_WARN_ENUM_CONVERSION = YES;
				CLANG_WARN_INT_CONVERSION = YES;
				CLANG_WARN_OBJC_ROOT_CLASS = YES_ERROR;
				CLANG_WARN_UNREACHABLE_CODE = YES;
				CLANG_WARN__DUPLICATE_METHOD_MATCH = YES;
				"CODE_SIGN_IDENTITY[sdk=iphoneos*]" = "iPhone Developer";
				COPY_PHASE_STRIP = NO;
				DEBUG_INFORMATION_FORMAT = dwarf;
				ENABLE_STRICT_OBJC_MSGSEND = YES;
				ENABLE_TESTABILITY = YES;
				GCC_C_LANGUAGE_STANDARD = gnu99;
				GCC_DYNAMIC_NO_PIC = NO;
				GCC_NO_COMMON_BLOCKS = YES;
				GCC_OPTIMIZATION_LEVEL = 0;
				GCC_PREPROCESSOR_DEFINITIONS = (
					"DEBUG=1",
					"$(inherited)",
				);
				GCC_WARN_64_TO_32_BIT_CONVERSION = YES;
				GCC_WARN_ABOUT_RETURN_TYPE = YES_ERROR;
				GCC_WARN_UNDECLARED_SELECTOR = YES;
				GCC_WARN_UNINITIALIZED_AUTOS = YES_AGGRESSIVE;
				GCC_WARN_UNUSED_FUNCTION = YES;
				GCC_WARN_UNUSED_VARIABLE = YES;
				IPHONEOS_DEPLOYMENT_TARGET = 9.2;
				MTL_ENABLE_DEBUG_INFO = YES;
				ONLY_ACTIVE_ARCH = YES;
				SDKROOT = iphoneos;
				SWIFT_OPTIMIZATION_LEVEL = "-Onone";
			};
			name = Debug;
		};
		FC032B841C5ED256000A0C01 /* Release */ = {
			isa = XCBuildConfiguration;
			buildSettings = {
				ALWAYS_SEARCH_USER_PATHS = NO;
				CLANG_CXX_LANGUAGE_STANDARD = "gnu++0x";
				CLANG_CXX_LIBRARY = "libc++";
				CLANG_ENABLE_MODULES = YES;
				CLANG_ENABLE_OBJC_ARC = YES;
				CLANG_WARN_BOOL_CONVERSION = YES;
				CLANG_WARN_CONSTANT_CONVERSION = YES;
				CLANG_WARN_DIRECT_OBJC_ISA_USAGE = YES_ERROR;
				CLANG_WARN_EMPTY_BODY = YES;
				CLANG_WARN_ENUM_CONVERSION = YES;
				CLANG_WARN_INT_CONVERSION = YES;
				CLANG_WARN_OBJC_ROOT_CLASS = YES_ERROR;
				CLANG_WARN_UNREACHABLE_CODE = YES;
				CLANG_WARN__DUPLICATE_METHOD_MATCH = YES;
				"CODE_SIGN_IDENTITY[sdk=iphoneos*]" = "iPhone Developer";
				COPY_PHASE_STRIP = NO;
				DEBUG_INFORMATION_FORMAT = "dwarf-with-dsym";
				ENABLE_NS_ASSERTIONS = NO;
				ENABLE_STRICT_OBJC_MSGSEND = YES;
				GCC_C_LANGUAGE_STANDARD = gnu99;
				GCC_NO_COMMON_BLOCKS = YES;
				GCC_WARN_64_TO_32_BIT_CONVERSION = YES;
				GCC_WARN_ABOUT_RETURN_TYPE = YES_ERROR;
				GCC_WARN_UNDECLARED_SELECTOR = YES;
				GCC_WARN_UNINITIALIZED_AUTOS = YES_AGGRESSIVE;
				GCC_WARN_UNUSED_FUNCTION = YES;
				GCC_WARN_UNUSED_VARIABLE = YES;
				IPHONEOS_DEPLOYMENT_TARGET = 9.2;
				MTL_ENABLE_DEBUG_INFO = NO;
				SDKROOT = iphoneos;
				VALIDATE_PRODUCT = YES;
			};
			name = Release;
		};
		FC032B861C5ED256000A0C01 /* Debug */ = {
			isa = XCBuildConfiguration;
			buildSettings = {
				ASSETCATALOG_COMPILER_APPICON_NAME = AppIcon;
				INFOPLIST_FILE = TweetStore/Info.plist;
				LD_RUNPATH_SEARCH_PATHS = "$(inherited) @executable_path/Frameworks";
				PRODUCT_BUNDLE_IDENTIFIER = com.acrosson.TweetStore;
				PRODUCT_NAME = "$(TARGET_NAME)";
			};
			name = Debug;
		};
		FC032B871C5ED256000A0C01 /* Release */ = {
			isa = XCBuildConfiguration;
			buildSettings = {
				ASSETCATALOG_COMPILER_APPICON_NAME = AppIcon;
				INFOPLIST_FILE = TweetStore/Info.plist;
				LD_RUNPATH_SEARCH_PATHS = "$(inherited) @executable_path/Frameworks";
				PRODUCT_BUNDLE_IDENTIFIER = com.acrosson.TweetStore;
				PRODUCT_NAME = "$(TARGET_NAME)";
			};
			name = Release;
		};
/* End XCBuildConfiguration section */

/* Begin XCConfigurationList section */
		FC032B6B1C5ED256000A0C01 /* Build configuration list for PBXProject "TweetStore" */ = {
			isa = XCConfigurationList;
			buildConfigurations = (
				FC032B831C5ED256000A0C01 /* Debug */,
				FC032B841C5ED256000A0C01 /* Release */,
			);
			defaultConfigurationIsVisible = 0;
			defaultConfigurationName = Release;
		};
		FC032B851C5ED256000A0C01 /* Build configuration list for PBXNativeTarget "TweetStore" */ = {
			isa = XCConfigurationList;
			buildConfigurations = (
				FC032B861C5ED256000A0C01 /* Debug */,
				FC032B871C5ED256000A0C01 /* Release */,
			);
			defaultConfigurationIsVisible = 0;
		};
/* End XCConfigurationList section */

/* Begin XCVersionGroup section */
		FC032B7A1C5ED256000A0C01 /* TweetStore.xcdatamodeld */ = {
			isa = XCVersionGroup;
			children = (
				FC032B7B1C5ED256000A0C01 /* TweetStore.xcdatamodel */,
			);
			currentVersion = FC032B7B1C5ED256000A0C01 /* TweetStore.xcdatamodel */;
			path = TweetStore.xcdatamodeld;
			sourceTree = "<group>";
			versionGroupType = wrapper.xcdatamodel;
		};
/* End XCVersionGroup section */
	};
	rootObject = FC032B681C5ED256000A0C01 /* Project object */;
}
